
Microsoft Visual Studio Solution File, Format Version 12.00
# Visual Studio Version 17
VisualStudioVersion = 17.14.36109.1 d17.14
MinimumVisualStudioVersion = 10.0.40219.1
Project("{FAE04EC0-301F-11D3-BF4B-00C04F79EFBC}") = "declarar-variable", "declarar-variable\declarar-variable.csproj", "{22B7919D-C1BD-4A3A-80EF-FF79532172BA}"
EndProject
Global
	GlobalSection(SolutionConfigurationPlatforms) = preSolution
		Debug|Any CPU = Debug|Any CPU
		Release|Any CPU = Release|Any CPU
	EndGlobalSection
	GlobalSection(ProjectConfigurationPlatforms) = postSolution
		{22B7919D-C1BD-4A3A-80EF-FF79532172BA}.Debug|Any CPU.ActiveCfg = Debug|Any CPU
		{22B7919D-C1BD-4A3A-80EF-FF79532172BA}.Debug|Any CPU.Build.0 = Debug|Any CPU
		{22B7919D-C1BD-4A3A-80EF-FF79532172BA}.Release|Any CPU.ActiveCfg = Release|Any CPU
		{22B7919D-C1BD-4A3A-80EF-FF79532172BA}.Release|Any CPU.Build.0 = Release|Any CPU
	EndGlobalSection
	GlobalSection(SolutionProperties) = preSolution
		HideSolutionNode = FALSE
	EndGlobalSection
	GlobalSection(ExtensibilityGlobals) = postSolution
		SolutionGuid = {AA3692BC-CB25-4B69-9333-A0AA8CB39E4C}
	EndGlobalSection
EndGlobal
