
Microsoft Visual Studio Solution File, Format Version 12.00
# Visual Studio Version 17
VisualStudioVersion = 17.14.36109.1 d17.14
MinimumVisualStudioVersion = 10.0.40219.1
Project("{FAE04EC0-301F-11D3-BF4B-00C04F79EFBC}") = "cinema-project", "cinema-project\cinema-project.csproj", "{9DB273F8-1F58-48D2-9C83-EB03D05D7B66}"
EndProject
Global
	GlobalSection(SolutionConfigurationPlatforms) = preSolution
		Debug|Any CPU = Debug|Any CPU
		Release|Any CPU = Release|Any CPU
	EndGlobalSection
	GlobalSection(ProjectConfigurationPlatforms) = postSolution
		{9DB273F8-1F58-48D2-9C83-EB03D05D7B66}.Debug|Any CPU.ActiveCfg = Debug|Any CPU
		{9DB273F8-1F58-48D2-9C83-EB03D05D7B66}.Debug|Any CPU.Build.0 = Debug|Any CPU
		{9DB273F8-1F58-48D2-9C83-EB03D05D7B66}.Release|Any CPU.ActiveCfg = Release|Any CPU
		{9DB273F8-1F58-48D2-9C83-EB03D05D7B66}.Release|Any CPU.Build.0 = Release|Any CPU
	EndGlobalSection
	GlobalSection(SolutionProperties) = preSolution
		HideSolutionNode = FALSE
	EndGlobalSection
	GlobalSection(ExtensibilityGlobals) = postSolution
		SolutionGuid = {D59A9716-428F-4338-A866-B5DD460A963E}
	EndGlobalSection
EndGlobal
